<?xml version="1.0" encoding="utf-8"?>
<Project ToolsVersion="4.0" xmlns="http://schemas.microsoft.com/developer/msbuild/2003">
  <ItemGroup>
    <Filter Include="源文件">
      <UniqueIdentifier>{4FC737F1-C7A5-4376-A066-2A32D752A2FF}</UniqueIdentifier>
      <Extensions>cpp;c;cc;cxx;c++;cppm;ixx;def;odl;idl;hpj;bat;asm;asmx</Extensions>
    </Filter>
    <Filter Include="头文件">
      <UniqueIdentifier>{93995380-89BD-4b04-88EB-625FBE52EBFB}</UniqueIdentifier>
      <Extensions>h;hh;hpp;hxx;h++;hm;inl;inc;ipp;xsd</Extensions>
    </Filter>
    <Filter Include="资源文件">
      <UniqueIdentifier>{67DA6AB6-F800-4c08-8B7A-83BB121AAD01}</UniqueIdentifier>
      <Extensions>rc;ico;cur;bmp;dlg;rc2;rct;bin;rgs;gif;jpg;jpeg;jpe;resx;tiff;tif;png;wav;mfcribbon-ms</Extensions>
    </Filter>
    <Filter Include="源文件\Struct">
      <UniqueIdentifier>{b883a86a-6fb7-4343-a3e8-b8b3c710951e}</UniqueIdentifier>
    </Filter>
    <Filter Include="源文件\DataLayer">
      <UniqueIdentifier>{0f493bdd-3723-4a3d-8477-a825c8c7267e}</UniqueIdentifier>
    </Filter>
    <Filter Include="源文件\ServiceLayer">
      <UniqueIdentifier>{3d7fb320-491c-4d47-b032-5d65b7051aeb}</UniqueIdentifier>
    </Filter>
    <Filter Include="源文件\ViewLayer">
      <UniqueIdentifier>{f730a611-bbc6-4124-bc51-0f39da3ec985}</UniqueIdentifier>
    </Filter>
    <Filter Include="头文件\Struct">
      <UniqueIdentifier>{15e56489-d935-43d1-ae22-fde00f56d837}</UniqueIdentifier>
    </Filter>
    <Filter Include="头文件\DataLayer">
      <UniqueIdentifier>{06fbad8c-069b-46ee-815d-762589c93483}</UniqueIdentifier>
    </Filter>
    <Filter Include="头文件\ServiceLayer">
      <UniqueIdentifier>{0681d408-10ad-40d7-b073-e34c1992906e}</UniqueIdentifier>
    </Filter>
    <Filter Include="头文件\ViewLayer">
      <UniqueIdentifier>{158a6fa4-5b62-4e2b-a9ca-a4821a03acf7}</UniqueIdentifier>
    </Filter>
    <Filter Include="头文件\SQLite">
      <UniqueIdentifier>{4eb6fd13-b961-4204-9fcb-4f3d5bf61bdf}</UniqueIdentifier>
    </Filter>
    <Filter Include="源文件\SQLite">
      <UniqueIdentifier>{83981093-f7f9-4857-8e5c-c76308babebe}</UniqueIdentifier>
    </Filter>
  </ItemGroup>
  <ItemGroup>
    <ClInclude Include="DateRecord.h">
      <Filter>头文件\Struct</Filter>
    </ClInclude>
    <ClInclude Include="Event.h">
      <Filter>头文件\Struct</Filter>
    </ClInclude>
    <ClInclude Include="Habit.h">
      <Filter>头文件\Struct</Filter>
    </ClInclude>
    <ClInclude Include="Pomodoro.h">
      <Filter>头文件\Struct</Filter>
    </ClInclude>
    <ClInclude Include="Times.h">
      <Filter>头文件\Struct</Filter>
    </ClInclude>
    <ClInclude Include="ServiceLayer.h">
      <Filter>头文件\ServiceLayer</Filter>
    </ClInclude>
    <ClInclude Include="DBLayer.h">
      <Filter>头文件\DataLayer</Filter>
    </ClInclude>
    <ClInclude Include="ViewLayer.h">
      <Filter>头文件\ViewLayer</Filter>
    </ClInclude>
    <ClInclude Include="sqlite3\sqlite3.h">
      <Filter>头文件\SQLite</Filter>
    </ClInclude>
    <ClInclude Include="resource.h">
      <Filter>头文件</Filter>
    </ClInclude>
  </ItemGroup>
  <ItemGroup>
    <ClCompile Include="main.cpp">
      <Filter>源文件</Filter>
    </ClCompile>
    <ClCompile Include="DateRecord.cpp">
      <Filter>源文件\Struct</Filter>
    </ClCompile>
    <ClCompile Include="Event.cpp">
      <Filter>源文件\Struct</Filter>
    </ClCompile>
    <ClCompile Include="Habit.cpp">
      <Filter>源文件\Struct</Filter>
    </ClCompile>
    <ClCompile Include="Pomodoro.cpp">
      <Filter>源文件\Struct</Filter>
    </ClCompile>
    <ClCompile Include="Times.cpp">
      <Filter>源文件\Struct</Filter>
    </ClCompile>
    <ClCompile Include="DBLayer.cpp">
      <Filter>源文件\DataLayer</Filter>
    </ClCompile>
    <ClCompile Include="ServiceLayer.cpp">
      <Filter>源文件\ServiceLayer</Filter>
    </ClCompile>
    <ClCompile Include="ViewLayer.cpp">
      <Filter>源文件\ViewLayer</Filter>
    </ClCompile>
    <ClCompile Include="sqlite3\sqlite3.c">
      <Filter>源文件\SQLite</Filter>
    </ClCompile>
  </ItemGroup>
  <ItemGroup>
    <ResourceCompile Include="new_Habit.rc">
      <Filter>资源文件</Filter>
    </ResourceCompile>
  </ItemGroup>
</Project>